
Microsoft Visual Studio Solution File, Format Version 11.00
# Visual Studio 2010
Project("{FAE04EC0-301F-11D3-BF4B-00C04F79EFBC}") = "SocketAsyncClient", "SocketAsyncClient.csproj", "{60AFF14B-D468-4AD1-AFBE-35EA6B6E8F92}"
EndProject
Global
	GlobalSection(SolutionConfigurationPlatforms) = preSolution
		Debug|Any CPU = Debug|Any CPU
		Release|Any CPU = Release|Any CPU
	EndGlobalSection
	GlobalSection(ProjectConfigurationPlatforms) = postSolution
		{60AFF14B-D468-4AD1-AFBE-35EA6B6E8F92}.Debug|Any CPU.ActiveCfg = Debug|Any CPU
		{60AFF14B-D468-4AD1-AFBE-35EA6B6E8F92}.Debug|Any CPU.Build.0 = Debug|Any CPU
		{60AFF14B-D468-4AD1-AFBE-35EA6B6E8F92}.Release|Any CPU.ActiveCfg = Release|Any CPU
		{60AFF14B-D468-4AD1-AFBE-35EA6B6E8F92}.Release|Any CPU.Build.0 = Release|Any CPU
	EndGlobalSection
	GlobalSection(SolutionProperties) = preSolution
		HideSolutionNode = FALSE
	EndGlobalSection
EndGlobal
